
Microsoft Visual Studio Solution File, Format Version 12.00
# Visual Studio Version 16
VisualStudioVersion = 16.0.31005.135
MinimumVisualStudioVersion = 10.0.40219.1
Project("{FAE04EC0-301F-11D3-BF4B-00C04F79EFBC}") = "DemoSinglethread", "DemoSingleMultithread\DemoSinglethread.csproj", "{9B571D51-2EA1-4BFC-8846-C54A329A5664}"
EndProject
Project("{FAE04EC0-301F-11D3-BF4B-00C04F79EFBC}") = "DemoMultiThread", "DemoMultiThread\DemoMultiThread.csproj", "{72F763E6-E2C0-4C41-80F2-ED0C37D8918F}"
EndProject
Project("{FAE04EC0-301F-11D3-BF4B-00C04F79EFBC}") = "DemoTasks", "DemoTasks\DemoTasks.csproj", "{E8BFC853-A61C-4518-82F5-2BEF8DE870A6}"
EndProject
Project("{FAE04EC0-301F-11D3-BF4B-00C04F79EFBC}") = "DemoTaskReturnValue", "DemoTaskReturnValue\DemoTaskReturnValue.csproj", "{DC4FBC69-7380-487B-88B8-02489581E93B}"
EndProject
Project("{FAE04EC0-301F-11D3-BF4B-00C04F79EFBC}") = "DemoTaskResultIsComplexType", "DemoTaskResultIsComplexType\DemoTaskResultIsComplexType.csproj", "{E0389AFA-8FAD-4844-9EDE-3678F4D5E2E8}"
EndProject
Project("{FAE04EC0-301F-11D3-BF4B-00C04F79EFBC}") = "DemoTaskContinueWith", "DemoTaskContinueWith\DemoTaskContinueWith.csproj", "{46656869-77E2-4FDB-BD9C-6AA7A1DD02E0}"
EndProject
Global
	GlobalSection(SolutionConfigurationPlatforms) = preSolution
		Debug|Any CPU = Debug|Any CPU
		Release|Any CPU = Release|Any CPU
	EndGlobalSection
	GlobalSection(ProjectConfigurationPlatforms) = postSolution
		{9B571D51-2EA1-4BFC-8846-C54A329A5664}.Debug|Any CPU.ActiveCfg = Debug|Any CPU
		{9B571D51-2EA1-4BFC-8846-C54A329A5664}.Debug|Any CPU.Build.0 = Debug|Any CPU
		{9B571D51-2EA1-4BFC-8846-C54A329A5664}.Release|Any CPU.ActiveCfg = Release|Any CPU
		{9B571D51-2EA1-4BFC-8846-C54A329A5664}.Release|Any CPU.Build.0 = Release|Any CPU
		{72F763E6-E2C0-4C41-80F2-ED0C37D8918F}.Debug|Any CPU.ActiveCfg = Debug|Any CPU
		{72F763E6-E2C0-4C41-80F2-ED0C37D8918F}.Debug|Any CPU.Build.0 = Debug|Any CPU
		{72F763E6-E2C0-4C41-80F2-ED0C37D8918F}.Release|Any CPU.ActiveCfg = Release|Any CPU
		{72F763E6-E2C0-4C41-80F2-ED0C37D8918F}.Release|Any CPU.Build.0 = Release|Any CPU
		{E8BFC853-A61C-4518-82F5-2BEF8DE870A6}.Debug|Any CPU.ActiveCfg = Debug|Any CPU
		{E8BFC853-A61C-4518-82F5-2BEF8DE870A6}.Debug|Any CPU.Build.0 = Debug|Any CPU
		{E8BFC853-A61C-4518-82F5-2BEF8DE870A6}.Release|Any CPU.ActiveCfg = Release|Any CPU
		{E8BFC853-A61C-4518-82F5-2BEF8DE870A6}.Release|Any CPU.Build.0 = Release|Any CPU
		{DC4FBC69-7380-487B-88B8-02489581E93B}.Debug|Any CPU.ActiveCfg = Debug|Any CPU
		{DC4FBC69-7380-487B-88B8-02489581E93B}.Debug|Any CPU.Build.0 = Debug|Any CPU
		{DC4FBC69-7380-487B-88B8-02489581E93B}.Release|Any CPU.ActiveCfg = Release|Any CPU
		{DC4FBC69-7380-487B-88B8-02489581E93B}.Release|Any CPU.Build.0 = Release|Any CPU
		{E0389AFA-8FAD-4844-9EDE-3678F4D5E2E8}.Debug|Any CPU.ActiveCfg = Debug|Any CPU
		{E0389AFA-8FAD-4844-9EDE-3678F4D5E2E8}.Debug|Any CPU.Build.0 = Debug|Any CPU
		{E0389AFA-8FAD-4844-9EDE-3678F4D5E2E8}.Release|Any CPU.ActiveCfg = Release|Any CPU
		{E0389AFA-8FAD-4844-9EDE-3678F4D5E2E8}.Release|Any CPU.Build.0 = Release|Any CPU
		{46656869-77E2-4FDB-BD9C-6AA7A1DD02E0}.Debug|Any CPU.ActiveCfg = Debug|Any CPU
		{46656869-77E2-4FDB-BD9C-6AA7A1DD02E0}.Debug|Any CPU.Build.0 = Debug|Any CPU
		{46656869-77E2-4FDB-BD9C-6AA7A1DD02E0}.Release|Any CPU.ActiveCfg = Release|Any CPU
		{46656869-77E2-4FDB-BD9C-6AA7A1DD02E0}.Release|Any CPU.Build.0 = Release|Any CPU
	EndGlobalSection
	GlobalSection(SolutionProperties) = preSolution
		HideSolutionNode = FALSE
	EndGlobalSection
	GlobalSection(ExtensibilityGlobals) = postSolution
		SolutionGuid = {0B5B01F6-22B5-44C3-B302-06908FF6DEBD}
	EndGlobalSection
EndGlobal
